
Microsoft Visual Studio Solution File, Format Version 12.00
# Visual Studio 2012
Project("{FAE04EC0-301F-11D3-BF4B-00C04F79EFBC}") = "TDA", "TDA\TDA.csproj", "{807478BF-E567-4233-8611-47FCA77A40CE}"
EndProject
Global
	GlobalSection(SolutionConfigurationPlatforms) = preSolution
		Debug|x86 = Debug|x86
		Release|x86 = Release|x86
	EndGlobalSection
	GlobalSection(ProjectConfigurationPlatforms) = postSolution
		{807478BF-E567-4233-8611-47FCA77A40CE}.Debug|x86.ActiveCfg = Debug|x86
		{807478BF-E567-4233-8611-47FCA77A40CE}.Debug|x86.Build.0 = Debug|x86
		{807478BF-E567-4233-8611-47FCA77A40CE}.Release|x86.ActiveCfg = Release|x86
		{807478BF-E567-4233-8611-47FCA77A40CE}.Release|x86.Build.0 = Release|x86
	EndGlobalSection
EndGlobal
